
Microsoft Visual Studio Solution File, Format Version 12.00
# Visual Studio Version 17
VisualStudioVersion = 17.3.32901.215
MinimumVisualStudioVersion = 10.0.40219.1
Project("{FAE04EC0-301F-11D3-BF4B-00C04F79EFBC}") = "Veritabanı ornek manage", "Veritabanı ornek manage\Veritabanı ornek manage.csproj", "{8DE62B2E-D14D-4608-A439-0A4ACCBB71EF}"
EndProject
Global
	GlobalSection(SolutionConfigurationPlatforms) = preSolution
		Debug|Any CPU = Debug|Any CPU
		Release|Any CPU = Release|Any CPU
	EndGlobalSection
	GlobalSection(ProjectConfigurationPlatforms) = postSolution
		{8DE62B2E-D14D-4608-A439-0A4ACCBB71EF}.Debug|Any CPU.ActiveCfg = Debug|Any CPU
		{8DE62B2E-D14D-4608-A439-0A4ACCBB71EF}.Debug|Any CPU.Build.0 = Debug|Any CPU
		{8DE62B2E-D14D-4608-A439-0A4ACCBB71EF}.Release|Any CPU.ActiveCfg = Release|Any CPU
		{8DE62B2E-D14D-4608-A439-0A4ACCBB71EF}.Release|Any CPU.Build.0 = Release|Any CPU
	EndGlobalSection
	GlobalSection(SolutionProperties) = preSolution
		HideSolutionNode = FALSE
	EndGlobalSection
	GlobalSection(ExtensibilityGlobals) = postSolution
		SolutionGuid = {2677EC35-F804-4745-AC55-EA2FD4F8BA0C}
	EndGlobalSection
EndGlobal
